
Microsoft Visual Studio Solution File, Format Version 12.00
# Visual Studio 15
Project("{FAE04EC0-301F-11D3-BF4B-00C04F79EFBC}") = "GameAssembly", "GameAssembly.csproj", "{A2EAFF85-4780-2C33-A00F-10F865D9BD1D}"
EndProject
Project("{FAE04EC0-301F-11D3-BF4B-00C04F79EFBC}") = "EditMode", "EditMode.csproj", "{D3A6CA7F-DF9B-1035-A86F-0A2B8E3C1E7E}"
EndProject
Global
	GlobalSection(SolutionConfigurationPlatforms) = preSolution
		Debug|Any CPU = Debug|Any CPU
		Release|Any CPU = Release|Any CPU
	EndGlobalSection
	GlobalSection(ProjectConfigurationPlatforms) = postSolution
		{A2EAFF85-4780-2C33-A00F-10F865D9BD1D}.Debug|Any CPU.ActiveCfg = Debug|Any CPU
		{A2EAFF85-4780-2C33-A00F-10F865D9BD1D}.Debug|Any CPU.Build.0 = Debug|Any CPU
		{A2EAFF85-4780-2C33-A00F-10F865D9BD1D}.Release|Any CPU.ActiveCfg = Release|Any CPU
		{A2EAFF85-4780-2C33-A00F-10F865D9BD1D}.Release|Any CPU.Build.0 = Release|Any CPU
		{D3A6CA7F-DF9B-1035-A86F-0A2B8E3C1E7E}.Debug|Any CPU.ActiveCfg = Debug|Any CPU
		{D3A6CA7F-DF9B-1035-A86F-0A2B8E3C1E7E}.Debug|Any CPU.Build.0 = Debug|Any CPU
		{D3A6CA7F-DF9B-1035-A86F-0A2B8E3C1E7E}.Release|Any CPU.ActiveCfg = Release|Any CPU
		{D3A6CA7F-DF9B-1035-A86F-0A2B8E3C1E7E}.Release|Any CPU.Build.0 = Release|Any CPU
	EndGlobalSection
	GlobalSection(SolutionProperties) = preSolution
		HideSolutionNode = FALSE
	EndGlobalSection
EndGlobal
